
Microsoft Visual Studio Solution File, Format Version 12.00
# Visual Studio Version 17
VisualStudioVersion = 17.7.34221.43
MinimumVisualStudioVersion = 10.0.40219.1
Project("{FAE04EC0-301F-11D3-BF4B-00C04F79EFBC}") = "prueba primer parcial", "prueba primer parcial\prueba primer parcial.csproj", "{5D9481AE-810D-40A5-80A3-4260B4C932EA}"
EndProject
Global
	GlobalSection(SolutionConfigurationPlatforms) = preSolution
		Debug|Any CPU = Debug|Any CPU
		Release|Any CPU = Release|Any CPU
	EndGlobalSection
	GlobalSection(ProjectConfigurationPlatforms) = postSolution
		{5D9481AE-810D-40A5-80A3-4260B4C932EA}.Debug|Any CPU.ActiveCfg = Debug|Any CPU
		{5D9481AE-810D-40A5-80A3-4260B4C932EA}.Debug|Any CPU.Build.0 = Debug|Any CPU
		{5D9481AE-810D-40A5-80A3-4260B4C932EA}.Release|Any CPU.ActiveCfg = Release|Any CPU
		{5D9481AE-810D-40A5-80A3-4260B4C932EA}.Release|Any CPU.Build.0 = Release|Any CPU
	EndGlobalSection
	GlobalSection(SolutionProperties) = preSolution
		HideSolutionNode = FALSE
	EndGlobalSection
	GlobalSection(ExtensibilityGlobals) = postSolution
		SolutionGuid = {D310A253-2D00-4841-A8F4-BFE88AF5D68C}
	EndGlobalSection
EndGlobal
